
Microsoft Visual Studio Solution File, Format Version 12.00
# Visual Studio 15
Project("{FAE04EC0-301F-11D3-BF4B-00C04F79EFBC}") = "Lamp.Core", "Lamp.Core\Lamp.Core.csproj", "{2D7B0AF9-4911-4606-BAAB-3E5D5EB9D0B7}"
EndProject
Project("{FAE04EC0-301F-11D3-BF4B-00C04F79EFBC}") = "Lamp.iOS", "Lamp.iOS\Lamp.iOS.csproj", "{0A45090B-F5B5-481F-8BC1-5EE75D2F6D3C}"
EndProject
Global
	GlobalSection(SolutionConfigurationPlatforms) = preSolution
		Debug|Any CPU = Debug|Any CPU
		Release|Any CPU = Release|Any CPU
		Debug|iPhoneSimulator = Debug|iPhoneSimulator
		Release|iPhoneSimulator = Release|iPhoneSimulator
		Debug|iPhone = Debug|iPhone
		Release|iPhone = Release|iPhone
	EndGlobalSection
	GlobalSection(ProjectConfigurationPlatforms) = postSolution
		{2D7B0AF9-4911-4606-BAAB-3E5D5EB9D0B7}.Debug|Any CPU.ActiveCfg = Debug|Any CPU
		{2D7B0AF9-4911-4606-BAAB-3E5D5EB9D0B7}.Debug|Any CPU.Build.0 = Debug|Any CPU
		{2D7B0AF9-4911-4606-BAAB-3E5D5EB9D0B7}.Release|Any CPU.ActiveCfg = Release|Any CPU
		{2D7B0AF9-4911-4606-BAAB-3E5D5EB9D0B7}.Release|Any CPU.Build.0 = Release|Any CPU
		{2D7B0AF9-4911-4606-BAAB-3E5D5EB9D0B7}.Debug|iPhoneSimulator.ActiveCfg = Debug|Any CPU
		{2D7B0AF9-4911-4606-BAAB-3E5D5EB9D0B7}.Debug|iPhoneSimulator.Build.0 = Debug|Any CPU
		{2D7B0AF9-4911-4606-BAAB-3E5D5EB9D0B7}.Release|iPhoneSimulator.ActiveCfg = Release|Any CPU
		{2D7B0AF9-4911-4606-BAAB-3E5D5EB9D0B7}.Release|iPhoneSimulator.Build.0 = Release|Any CPU
		{2D7B0AF9-4911-4606-BAAB-3E5D5EB9D0B7}.Debug|iPhone.ActiveCfg = Debug|Any CPU
		{2D7B0AF9-4911-4606-BAAB-3E5D5EB9D0B7}.Debug|iPhone.Build.0 = Debug|Any CPU
		{2D7B0AF9-4911-4606-BAAB-3E5D5EB9D0B7}.Release|iPhone.ActiveCfg = Release|Any CPU
		{2D7B0AF9-4911-4606-BAAB-3E5D5EB9D0B7}.Release|iPhone.Build.0 = Release|Any CPU
		{0A45090B-F5B5-481F-8BC1-5EE75D2F6D3C}.Debug|Any CPU.ActiveCfg = Debug|iPhoneSimulator
		{0A45090B-F5B5-481F-8BC1-5EE75D2F6D3C}.Debug|Any CPU.Build.0 = Debug|iPhoneSimulator
		{0A45090B-F5B5-481F-8BC1-5EE75D2F6D3C}.Release|Any CPU.ActiveCfg = Release|iPhoneSimulator
		{0A45090B-F5B5-481F-8BC1-5EE75D2F6D3C}.Release|Any CPU.Build.0 = Release|iPhoneSimulator
		{0A45090B-F5B5-481F-8BC1-5EE75D2F6D3C}.Debug|iPhoneSimulator.ActiveCfg = Debug|iPhoneSimulator
		{0A45090B-F5B5-481F-8BC1-5EE75D2F6D3C}.Debug|iPhoneSimulator.Build.0 = Debug|iPhoneSimulator
		{0A45090B-F5B5-481F-8BC1-5EE75D2F6D3C}.Release|iPhoneSimulator.ActiveCfg = Release|iPhoneSimulator
		{0A45090B-F5B5-481F-8BC1-5EE75D2F6D3C}.Release|iPhoneSimulator.Build.0 = Release|iPhoneSimulator
		{0A45090B-F5B5-481F-8BC1-5EE75D2F6D3C}.Debug|iPhone.ActiveCfg = Debug|iPhone
		{0A45090B-F5B5-481F-8BC1-5EE75D2F6D3C}.Debug|iPhone.Build.0 = Debug|iPhone
		{0A45090B-F5B5-481F-8BC1-5EE75D2F6D3C}.Release|iPhone.ActiveCfg = Release|iPhone
		{0A45090B-F5B5-481F-8BC1-5EE75D2F6D3C}.Release|iPhone.Build.0 = Release|iPhone
	EndGlobalSection
EndGlobal
